
Microsoft Visual Studio Solution File, Format Version 12.00
# Visual Studio 15
VisualStudioVersion = 15.0.27130.0
MinimumVisualStudioVersion = 10.0.40219.1
Project("{9A19103F-16F7-4668-BE54-9A1E7A4F7556}") = "Hanako", "Hanako\Hanako.csproj", "{A23140DA-4DEB-4473-8544-9CA1B9484E53}"
EndProject
Project("{FAE04EC0-301F-11D3-BF4B-00C04F79EFBC}") = "Hanako.Test", "Hanako.Test\Hanako.Test.csproj", "{067456C0-086C-46A8-B37F-1405717B7BFC}"
EndProject
Global
	GlobalSection(SolutionConfigurationPlatforms) = preSolution
		Debug|Any CPU = Debug|Any CPU
		Release|Any CPU = Release|Any CPU
	EndGlobalSection
	GlobalSection(ProjectConfigurationPlatforms) = postSolution
		{A23140DA-4DEB-4473-8544-9CA1B9484E53}.Debug|Any CPU.ActiveCfg = Debug|Any CPU
		{A23140DA-4DEB-4473-8544-9CA1B9484E53}.Debug|Any CPU.Build.0 = Debug|Any CPU
		{A23140DA-4DEB-4473-8544-9CA1B9484E53}.Release|Any CPU.ActiveCfg = Release|Any CPU
		{A23140DA-4DEB-4473-8544-9CA1B9484E53}.Release|Any CPU.Build.0 = Release|Any CPU
		{067456C0-086C-46A8-B37F-1405717B7BFC}.Debug|Any CPU.ActiveCfg = Debug|Any CPU
		{067456C0-086C-46A8-B37F-1405717B7BFC}.Debug|Any CPU.Build.0 = Debug|Any CPU
		{067456C0-086C-46A8-B37F-1405717B7BFC}.Release|Any CPU.ActiveCfg = Release|Any CPU
		{067456C0-086C-46A8-B37F-1405717B7BFC}.Release|Any CPU.Build.0 = Release|Any CPU
	EndGlobalSection
	GlobalSection(SolutionProperties) = preSolution
		HideSolutionNode = FALSE
	EndGlobalSection
	GlobalSection(ExtensibilityGlobals) = postSolution
		SolutionGuid = {ECAF914C-906E-4D51-ABCC-DD12BD01938D}
	EndGlobalSection
EndGlobal
